
Microsoft Visual Studio Solution File, Format Version 12.00
# Visual Studio Version 17
VisualStudioVersion = 17.0.31903.59
MinimumVisualStudioVersion = 10.0.40219.1
Project("{FAE04EC0-301F-11D3-BF4B-00C04F79EFBC}") = "Application", "Application\Application.csproj", "{D24DEA42-1B81-41AA-8C97-5EB79278507C}"
EndProject
Project("{FAE04EC0-301F-11D3-BF4B-00C04F79EFBC}") = "MetadataProcessor", "MetadataProcessor\MetadataProcessor.csproj", "{2ECAA0DB-CBE4-4D5B-868C-8A10219C70F9}"
EndProject
Project("{FAE04EC0-301F-11D3-BF4B-00C04F79EFBC}") = "HealthCheck", "HealthCheck\HealthCheck.csproj", "{D3FA771C-611F-4519-9B86-E5EC06522AB3}"
EndProject
Project("{FAE04EC0-301F-11D3-BF4B-00C04F79EFBC}") = "TimerService", "TimerService\TimerService.csproj", "{98213397-C5FF-43DF-B73A-CED054B43ED9}"
EndProject
Project("{FAE04EC0-301F-11D3-BF4B-00C04F79EFBC}") = "Workflows", "Workflows\Workflows.csproj", "{EBEABBBB-DB73-4D39-BE62-52B3E05C9617}"
EndProject
Project("{FAE04EC0-301F-11D3-BF4B-00C04F79EFBC}") = "InfuseMediaLibrary", "InfuseMediaLibrary\InfuseMediaLibrary.csproj", "{6C090849-3D6D-4A6C-BC2E-DCB435BD3EC2}"
EndProject
Project("{FAE04EC0-301F-11D3-BF4B-00C04F79EFBC}") = "ConsoleApp", "ConsoleApp\ConsoleApp.csproj", "{7854B67B-498E-43D7-85AB-AD0C38236757}"
EndProject
Global
	GlobalSection(SolutionConfigurationPlatforms) = preSolution
		Debug|Any CPU = Debug|Any CPU
		Release|Any CPU = Release|Any CPU
	EndGlobalSection
	GlobalSection(SolutionProperties) = preSolution
		HideSolutionNode = FALSE
	EndGlobalSection
	GlobalSection(ProjectConfigurationPlatforms) = postSolution
		{D24DEA42-1B81-41AA-8C97-5EB79278507C}.Debug|Any CPU.ActiveCfg = Debug|Any CPU
		{D24DEA42-1B81-41AA-8C97-5EB79278507C}.Debug|Any CPU.Build.0 = Debug|Any CPU
		{D24DEA42-1B81-41AA-8C97-5EB79278507C}.Release|Any CPU.ActiveCfg = Release|Any CPU
		{D24DEA42-1B81-41AA-8C97-5EB79278507C}.Release|Any CPU.Build.0 = Release|Any CPU
		{2ECAA0DB-CBE4-4D5B-868C-8A10219C70F9}.Debug|Any CPU.ActiveCfg = Debug|Any CPU
		{2ECAA0DB-CBE4-4D5B-868C-8A10219C70F9}.Debug|Any CPU.Build.0 = Debug|Any CPU
		{2ECAA0DB-CBE4-4D5B-868C-8A10219C70F9}.Release|Any CPU.ActiveCfg = Release|Any CPU
		{2ECAA0DB-CBE4-4D5B-868C-8A10219C70F9}.Release|Any CPU.Build.0 = Release|Any CPU
		{D3FA771C-611F-4519-9B86-E5EC06522AB3}.Debug|Any CPU.ActiveCfg = Debug|Any CPU
		{D3FA771C-611F-4519-9B86-E5EC06522AB3}.Debug|Any CPU.Build.0 = Debug|Any CPU
		{D3FA771C-611F-4519-9B86-E5EC06522AB3}.Release|Any CPU.ActiveCfg = Release|Any CPU
		{D3FA771C-611F-4519-9B86-E5EC06522AB3}.Release|Any CPU.Build.0 = Release|Any CPU
		{98213397-C5FF-43DF-B73A-CED054B43ED9}.Debug|Any CPU.ActiveCfg = Debug|Any CPU
		{98213397-C5FF-43DF-B73A-CED054B43ED9}.Debug|Any CPU.Build.0 = Debug|Any CPU
		{98213397-C5FF-43DF-B73A-CED054B43ED9}.Release|Any CPU.ActiveCfg = Release|Any CPU
		{98213397-C5FF-43DF-B73A-CED054B43ED9}.Release|Any CPU.Build.0 = Release|Any CPU
		{EBEABBBB-DB73-4D39-BE62-52B3E05C9617}.Debug|Any CPU.ActiveCfg = Debug|Any CPU
		{EBEABBBB-DB73-4D39-BE62-52B3E05C9617}.Debug|Any CPU.Build.0 = Debug|Any CPU
		{EBEABBBB-DB73-4D39-BE62-52B3E05C9617}.Release|Any CPU.ActiveCfg = Release|Any CPU
		{EBEABBBB-DB73-4D39-BE62-52B3E05C9617}.Release|Any CPU.Build.0 = Release|Any CPU
		{6C090849-3D6D-4A6C-BC2E-DCB435BD3EC2}.Debug|Any CPU.ActiveCfg = Debug|Any CPU
		{6C090849-3D6D-4A6C-BC2E-DCB435BD3EC2}.Debug|Any CPU.Build.0 = Debug|Any CPU
		{6C090849-3D6D-4A6C-BC2E-DCB435BD3EC2}.Release|Any CPU.ActiveCfg = Release|Any CPU
		{6C090849-3D6D-4A6C-BC2E-DCB435BD3EC2}.Release|Any CPU.Build.0 = Release|Any CPU
		{7854B67B-498E-43D7-85AB-AD0C38236757}.Debug|Any CPU.ActiveCfg = Debug|Any CPU
		{7854B67B-498E-43D7-85AB-AD0C38236757}.Debug|Any CPU.Build.0 = Debug|Any CPU
		{7854B67B-498E-43D7-85AB-AD0C38236757}.Release|Any CPU.ActiveCfg = Release|Any CPU
		{7854B67B-498E-43D7-85AB-AD0C38236757}.Release|Any CPU.Build.0 = Release|Any CPU
	EndGlobalSection
EndGlobal
